
Microsoft Visual Studio Solution File, Format Version 12.00
# Visual Studio Version 16
VisualStudioVersion = 16.0.30804.86
MinimumVisualStudioVersion = 10.0.40219.1
Project("{FAE04EC0-301F-11D3-BF4B-00C04F79EFBC}") = "ShapeDrawer", "ShapeDrawer.csproj", "{8ED65E6B-BC9E-48EF-8A8F-04A11CFA8184}"
EndProject
Global
	GlobalSection(SolutionConfigurationPlatforms) = preSolution
		Debug|Any CPU = Debug|Any CPU
		Release|Any CPU = Release|Any CPU
	EndGlobalSection
	GlobalSection(ProjectConfigurationPlatforms) = postSolution
		{8ED65E6B-BC9E-48EF-8A8F-04A11CFA8184}.Debug|Any CPU.ActiveCfg = Debug|Any CPU
		{8ED65E6B-BC9E-48EF-8A8F-04A11CFA8184}.Debug|Any CPU.Build.0 = Debug|Any CPU
		{8ED65E6B-BC9E-48EF-8A8F-04A11CFA8184}.Release|Any CPU.ActiveCfg = Release|Any CPU
		{8ED65E6B-BC9E-48EF-8A8F-04A11CFA8184}.Release|Any CPU.Build.0 = Release|Any CPU
	EndGlobalSection
	GlobalSection(SolutionProperties) = preSolution
		HideSolutionNode = FALSE
	EndGlobalSection
	GlobalSection(ExtensibilityGlobals) = postSolution
		SolutionGuid = {CC73B0AA-3847-4E06-ABD5-DBBF93C3395A}
	EndGlobalSection
EndGlobal
